// !$*UTF8*$!
{
	archiveVersion = 1;
	classes = {
	};
	objectVersion = 45;
	objects = {

/* Begin PBXBuildFile section */
		1D60589F0D05DD5A006BFB54 /* Foundation.framework in Frameworks */ = {isa = PBXBuildFile; fileRef = 1D30AB110D05D00D00671497 /* Foundation.framework */; };
		1DF5F4E00D08C38300B7A737 /* UIKit.framework in Frameworks */ = {isa = PBXBuildFile; fileRef = 1DF5F4DF0D08C38300B7A737 /* UIKit.framework */; };
		2743DDED171B7D7A00024259 /* install.xml in Resources */ = {isa = PBXBuildFile; fileRef = 2743DD85171B7D7A00024259 /* install.xml */; };
		2743DDEE171B7D7A00024259 /* b2BroadPhase.cpp in Sources */ = {isa = PBXBuildFile; fileRef = 2743DD8A171B7D7A00024259 /* b2BroadPhase.cpp */; };
		2743DDEF171B7D7A00024259 /* b2CollideCircle.cpp in Sources */ = {isa = PBXBuildFile; fileRef = 2743DD8C171B7D7A00024259 /* b2CollideCircle.cpp */; };
		2743DDF0171B7D7B00024259 /* b2CollidePolygon.cpp in Sources */ = {isa = PBXBuildFile; fileRef = 2743DD8D171B7D7A00024259 /* b2CollidePolygon.cpp */; };
		2743DDF1171B7D7B00024259 /* b2Collision.cpp in Sources */ = {isa = PBXBuildFile; fileRef = 2743DD8E171B7D7A00024259 /* b2Collision.cpp */; };
		2743DDF2171B7D7B00024259 /* b2Distance.cpp in Sources */ = {isa = PBXBuildFile; fileRef = 2743DD90171B7D7A00024259 /* b2Distance.cpp */; };
		2743DDF3171B7D7B00024259 /* b2DynamicTree.cpp in Sources */ = {isa = PBXBuildFile; fileRef = 2743DD92171B7D7A00024259 /* b2DynamicTree.cpp */; };
		2743DDF4171B7D7B00024259 /* b2TimeOfImpact.cpp in Sources */ = {isa = PBXBuildFile; fileRef = 2743DD94171B7D7A00024259 /* b2TimeOfImpact.cpp */; };
		2743DDF5171B7D7B00024259 /* b2CircleShape.cpp in Sources */ = {isa = PBXBuildFile; fileRef = 2743DD97171B7D7A00024259 /* b2CircleShape.cpp */; };
		2743DDF6171B7D7B00024259 /* b2PolygonShape.cpp in Sources */ = {isa = PBXBuildFile; fileRef = 2743DD99171B7D7A00024259 /* b2PolygonShape.cpp */; };
		2743DDF7171B7D7B00024259 /* b2BlockAllocator.cpp in Sources */ = {isa = PBXBuildFile; fileRef = 2743DD9D171B7D7A00024259 /* b2BlockAllocator.cpp */; };
		2743DDF8171B7D7B00024259 /* b2Math.cpp in Sources */ = {isa = PBXBuildFile; fileRef = 2743DD9F171B7D7A00024259 /* b2Math.cpp */; };
		2743DDF9171B7D7B00024259 /* b2Settings.cpp in Sources */ = {isa = PBXBuildFile; fileRef = 2743DDA1171B7D7A00024259 /* b2Settings.cpp */; };
		2743DDFA171B7D7B00024259 /* b2StackAllocator.cpp in Sources */ = {isa = PBXBuildFile; fileRef = 2743DDA3171B7D7A00024259 /* b2StackAllocator.cpp */; };
		2743DDFB171B7D7B00024259 /* b2Body.cpp in Sources */ = {isa = PBXBuildFile; fileRef = 2743DDA6171B7D7A00024259 /* b2Body.cpp */; };
		2743DDFC171B7D7B00024259 /* b2ContactManager.cpp in Sources */ = {isa = PBXBuildFile; fileRef = 2743DDA8171B7D7A00024259 /* b2ContactManager.cpp */; };
		2743DDFD171B7D7B00024259 /* b2Fixture.cpp in Sources */ = {isa = PBXBuildFile; fileRef = 2743DDAA171B7D7A00024259 /* b2Fixture.cpp */; };
		2743DDFE171B7D7B00024259 /* b2Island.cpp in Sources */ = {isa = PBXBuildFile; fileRef = 2743DDAC171B7D7A00024259 /* b2Island.cpp */; };
		2743DDFF171B7D7B00024259 /* b2World.cpp in Sources */ = {isa = PBXBuildFile; fileRef = 2743DDAF171B7D7A00024259 /* b2World.cpp */; };
		2743DE00171B7D7B00024259 /* b2WorldCallbacks.cpp in Sources */ = {isa = PBXBuildFile; fileRef = 2743DDB1171B7D7A00024259 /* b2WorldCallbacks.cpp */; };
		2743DE01171B7D7B00024259 /* b2CircleContact.cpp in Sources */ = {isa = PBXBuildFile; fileRef = 2743DDB4171B7D7A00024259 /* b2CircleContact.cpp */; };
		2743DE02171B7D7B00024259 /* b2Contact.cpp in Sources */ = {isa = PBXBuildFile; fileRef = 2743DDB6171B7D7A00024259 /* b2Contact.cpp */; };
		2743DE03171B7D7B00024259 /* b2ContactSolver.cpp in Sources */ = {isa = PBXBuildFile; fileRef = 2743DDB8171B7D7A00024259 /* b2ContactSolver.cpp */; };
		2743DE04171B7D7B00024259 /* b2PolygonAndCircleContact.cpp in Sources */ = {isa = PBXBuildFile; fileRef = 2743DDBA171B7D7A00024259 /* b2PolygonAndCircleContact.cpp */; };
		2743DE05171B7D7B00024259 /* b2PolygonContact.cpp in Sources */ = {isa = PBXBuildFile; fileRef = 2743DDBC171B7D7A00024259 /* b2PolygonContact.cpp */; };
		2743DE07171B7D7B00024259 /* b2DistanceJoint.cpp in Sources */ = {isa = PBXBuildFile; fileRef = 2743DDC1171B7D7A00024259 /* b2DistanceJoint.cpp */; };
		2743DE08171B7D7B00024259 /* b2FrictionJoint.cpp in Sources */ = {isa = PBXBuildFile; fileRef = 2743DDC3171B7D7A00024259 /* b2FrictionJoint.cpp */; };
		2743DE09171B7D7B00024259 /* b2GearJoint.cpp in Sources */ = {isa = PBXBuildFile; fileRef = 2743DDC5171B7D7A00024259 /* b2GearJoint.cpp */; };
		2743DE0A171B7D7B00024259 /* b2Joint.cpp in Sources */ = {isa = PBXBuildFile; fileRef = 2743DDC7171B7D7A00024259 /* b2Joint.cpp */; };
		2743DE0C171B7D7B00024259 /* b2MouseJoint.cpp in Sources */ = {isa = PBXBuildFile; fileRef = 2743DDCB171B7D7A00024259 /* b2MouseJoint.cpp */; };
		2743DE0D171B7D7B00024259 /* b2PrismaticJoint.cpp in Sources */ = {isa = PBXBuildFile; fileRef = 2743DDCD171B7D7A00024259 /* b2PrismaticJoint.cpp */; };
		2743DE0E171B7D7B00024259 /* b2PulleyJoint.cpp in Sources */ = {isa = PBXBuildFile; fileRef = 2743DDCF171B7D7A00024259 /* b2PulleyJoint.cpp */; };
		2743DE0F171B7D7B00024259 /* b2RevoluteJoint.cpp in Sources */ = {isa = PBXBuildFile; fileRef = 2743DDD1171B7D7A00024259 /* b2RevoluteJoint.cpp */; };
		2743DE10171B7D7B00024259 /* b2WeldJoint.cpp in Sources */ = {isa = PBXBuildFile; fileRef = 2743DDD3171B7D7A00024259 /* b2WeldJoint.cpp */; };
		2743DE11171B7D7B00024259 /* del_impl.cpp in Sources */ = {isa = PBXBuildFile; fileRef = 2743DDD7171B7D7A00024259 /* del_impl.cpp */; };
		27B9744A171CEA4000956DC8 /* b2ChainShape.cpp in Sources */ = {isa = PBXBuildFile; fileRef = 27B97448171CEA4000956DC8 /* b2ChainShape.cpp */; };
		27EEA60B171F37F600C12E13 /* b2EdgeShape.cpp in Sources */ = {isa = PBXBuildFile; fileRef = 27EEA609171F37F600C12E13 /* b2EdgeShape.cpp */; };
		27EEA60D171F4D2D00C12E13 /* b2CollideEdge.cpp in Sources */ = {isa = PBXBuildFile; fileRef = 27EEA60C171F4D2B00C12E13 /* b2CollideEdge.cpp */; };
		27EEA613171F5BDA00C12E13 /* b2Draw.cpp in Sources */ = {isa = PBXBuildFile; fileRef = 27EEA60E171F5BD500C12E13 /* b2Draw.cpp */; };
		27EEA614171F5BDA00C12E13 /* b2Timer.cpp in Sources */ = {isa = PBXBuildFile; fileRef = 27EEA611171F5BD800C12E13 /* b2Timer.cpp */; };
		27EEA61D171F660900C12E13 /* b2ChainAndCircleContact.cpp in Sources */ = {isa = PBXBuildFile; fileRef = 27EEA615171F65FD00C12E13 /* b2ChainAndCircleContact.cpp */; };
		27EEA61E171F660900C12E13 /* b2ChainAndPolygonContact.cpp in Sources */ = {isa = PBXBuildFile; fileRef = 27EEA617171F65FF00C12E13 /* b2ChainAndPolygonContact.cpp */; };
		27EEA61F171F660900C12E13 /* b2EdgeAndCircleContact.cpp in Sources */ = {isa = PBXBuildFile; fileRef = 27EEA619171F660300C12E13 /* b2EdgeAndCircleContact.cpp */; };
		27EEA620171F660900C12E13 /* b2EdgeAndPolygonContact.cpp in Sources */ = {isa = PBXBuildFile; fileRef = 27EEA61B171F660600C12E13 /* b2EdgeAndPolygonContact.cpp */; };
		27EEA627171F6B7600C12E13 /* b2MotorJoint.cpp in Sources */ = {isa = PBXBuildFile; fileRef = 27EEA621171F6B4B00C12E13 /* b2MotorJoint.cpp */; };
		27EEA628171F6B7600C12E13 /* b2RopeJoint.cpp in Sources */ = {isa = PBXBuildFile; fileRef = 27EEA623171F6B5600C12E13 /* b2RopeJoint.cpp */; };
		27EEA629171F6B7600C12E13 /* b2WheelJoint.cpp in Sources */ = {isa = PBXBuildFile; fileRef = 27EEA625171F6B6A00C12E13 /* b2WheelJoint.cpp */; };
		27EEA63B171F6CB400C12E13 /* ofxBox2d.cpp in Sources */ = {isa = PBXBuildFile; fileRef = 27EEA62B171F6CB400C12E13 /* ofxBox2d.cpp */; };
		27EEA63C171F6CB400C12E13 /* ofxBox2dBaseShape.cpp in Sources */ = {isa = PBXBuildFile; fileRef = 27EEA62D171F6CB400C12E13 /* ofxBox2dBaseShape.cpp */; };
		27EEA63D171F6CB400C12E13 /* ofxBox2dCircle.cpp in Sources */ = {isa = PBXBuildFile; fileRef = 27EEA62F171F6CB400C12E13 /* ofxBox2dCircle.cpp */; };
		27EEA63E171F6CB400C12E13 /* ofxBox2dJoint.cpp in Sources */ = {isa = PBXBuildFile; fileRef = 27EEA632171F6CB400C12E13 /* ofxBox2dJoint.cpp */; };
		27EEA63F171F6CB400C12E13 /* ofxBox2dPolygon.cpp in Sources */ = {isa = PBXBuildFile; fileRef = 27EEA634171F6CB400C12E13 /* ofxBox2dPolygon.cpp */; };
		27EEA640171F6CB400C12E13 /* ofxBox2dRect.cpp in Sources */ = {isa = PBXBuildFile; fileRef = 27EEA637171F6CB400C12E13 /* ofxBox2dRect.cpp */; };
		288765FD0DF74451002DB57D /* CoreGraphics.framework in Frameworks */ = {isa = PBXBuildFile; fileRef = 288765FC0DF74451002DB57D /* CoreGraphics.framework */; };
		5326AEA810A23A0500278DE6 /* CoreLocation.framework in Frameworks */ = {isa = PBXBuildFile; fileRef = 5326AEA710A23A0500278DE6 /* CoreLocation.framework */; };
		53F323EB10A20EDB00E0DAE4 /* OpenAL.framework in Frameworks */ = {isa = PBXBuildFile; fileRef = 53F323EA10A20EDB00E0DAE4 /* OpenAL.framework */; };
		BB16EBD20F2B2A9500518274 /* OpenGLES.framework in Frameworks */ = {isa = PBXBuildFile; fileRef = BB16EBD10F2B2A9500518274 /* OpenGLES.framework */; };
		BB16EBD90F2B2AB500518274 /* QuartzCore.framework in Frameworks */ = {isa = PBXBuildFile; fileRef = BB16EBD80F2B2AB500518274 /* QuartzCore.framework */; };
		BB24DDCA10DA781C00E9C588 /* ofxiphone-Info.plist in Resources */ = {isa = PBXBuildFile; fileRef = BB24DDC910DA781C00E9C588 /* ofxiphone-Info.plist */; };
		BBE5EAB80F49AD8400F28951 /* AudioToolbox.framework in Frameworks */ = {isa = PBXBuildFile; fileRef = BBE5EAB70F49AD8400F28951 /* AudioToolbox.framework */; };
		E41D3ED713B38FB500A75A5D /* Project.xcconfig in Resources */ = {isa = PBXBuildFile; fileRef = E41D3ED613B38FB500A75A5D /* Project.xcconfig */; };
		E41D3EE613B3906D00A75A5D /* CoreOF.xcconfig in Resources */ = {isa = PBXBuildFile; fileRef = E41D3EE513B3906D00A75A5D /* CoreOF.xcconfig */; };
		E41D400B13B39D2100A75A5D /* AVFoundation.framework in Frameworks */ = {isa = PBXBuildFile; fileRef = E41D400613B39D2100A75A5D /* AVFoundation.framework */; };
		E41D400C13B39D2100A75A5D /* CoreMedia.framework in Frameworks */ = {isa = PBXBuildFile; fileRef = E41D400713B39D2100A75A5D /* CoreMedia.framework */; };
		E41D400D13B39D2100A75A5D /* CoreVideo.framework in Frameworks */ = {isa = PBXBuildFile; fileRef = E41D400813B39D2100A75A5D /* CoreVideo.framework */; };
		E41D400E13B39D2100A75A5D /* MapKit.framework in Frameworks */ = {isa = PBXBuildFile; fileRef = E41D400913B39D2100A75A5D /* MapKit.framework */; };
		E41D421413B3A95300A75A5D /* libofxiPhone_iphoneos_Debug.a in Frameworks */ = {isa = PBXBuildFile; fileRef = E41D410213B3A0D800A75A5D /* libofxiPhone_iphoneos_Debug.a */; };
		E4A823A412561BE3002F86A2 /* CoreGraphics.framework in Frameworks */ = {isa = PBXBuildFile; fileRef = E4A823A312561BE3002F86A2 /* CoreGraphics.framework */; };
		E4D8936E11527B74007E1F53 /* main.mm in Sources */ = {isa = PBXBuildFile; fileRef = E4D8936B11527B74007E1F53 /* main.mm */; };
		E4D8936F11527B74007E1F53 /* ofxBox2dApp.mm in Sources */ = {isa = PBXBuildFile; fileRef = E4D8936D11527B74007E1F53 /* ofxBox2dApp.mm */; };
/* End PBXBuildFile section */

/* Begin PBXContainerItemProxy section */
		E41D410113B3A0D800A75A5D /* PBXContainerItemProxy */ = {
			isa = PBXContainerItemProxy;
			containerPortal = E41D40FD13B3A0D800A75A5D /* iOS+OFLib.xcodeproj */;
			proxyType = 2;
			remoteGlobalIDString = BB24DED610DA7A3F00E9C588;
			remoteInfo = "iPhone+OF Static Library";
		};
		E41D410313B3A11300A75A5D /* PBXContainerItemProxy */ = {
			isa = PBXContainerItemProxy;
			containerPortal = E41D40FD13B3A0D800A75A5D /* iOS+OFLib.xcodeproj */;
			proxyType = 1;
			remoteGlobalIDString = BB24DE5C10DA7A3F00E9C588;
			remoteInfo = "iPhone+OF Static Library";
		};
/* End PBXContainerItemProxy section */

/* Begin PBXFileReference section */
		1D30AB110D05D00D00671497 /* Foundation.framework */ = {isa = PBXFileReference; lastKnownFileType = wrapper.framework; name = Foundation.framework; path = System/Library/Frameworks/Foundation.framework; sourceTree = SDKROOT; };
		1D6058910D05DD3D006BFB54 /* ofxBox2dExample.app */ = {isa = PBXFileReference; explicitFileType = wrapper.application; includeInIndex = 0; path = ofxBox2dExample.app; sourceTree = BUILT_PRODUCTS_DIR; };
		1DF5F4DF0D08C38300B7A737 /* UIKit.framework */ = {isa = PBXFileReference; lastKnownFileType = wrapper.framework; name = UIKit.framework; path = System/Library/Frameworks/UIKit.framework; sourceTree = SDKROOT; };
		2743DD85171B7D7A00024259 /* install.xml */ = {isa = PBXFileReference; fileEncoding = 4; lastKnownFileType = text.xml; path = install.xml; sourceTree = "<group>"; };
		2743DD88171B7D7A00024259 /* Box2D.h */ = {isa = PBXFileReference; fileEncoding = 4; lastKnownFileType = sourcecode.c.h; path = Box2D.h; sourceTree = "<group>"; };
		2743DD8A171B7D7A00024259 /* b2BroadPhase.cpp */ = {isa = PBXFileReference; fileEncoding = 4; lastKnownFileType = sourcecode.cpp.cpp; path = b2BroadPhase.cpp; sourceTree = "<group>"; };
		2743DD8B171B7D7A00024259 /* b2BroadPhase.h */ = {isa = PBXFileReference; fileEncoding = 4; lastKnownFileType = sourcecode.c.h; path = b2BroadPhase.h; sourceTree = "<group>"; };
		2743DD8C171B7D7A00024259 /* b2CollideCircle.cpp */ = {isa = PBXFileReference; fileEncoding = 4; lastKnownFileType = sourcecode.cpp.cpp; path = b2CollideCircle.cpp; sourceTree = "<group>"; };
		2743DD8D171B7D7A00024259 /* b2CollidePolygon.cpp */ = {isa = PBXFileReference; fileEncoding = 4; lastKnownFileType = sourcecode.cpp.cpp; path = b2CollidePolygon.cpp; sourceTree = "<group>"; };
		2743DD8E171B7D7A00024259 /* b2Collision.cpp */ = {isa = PBXFileReference; fileEncoding = 4; lastKnownFileType = sourcecode.cpp.cpp; path = b2Collision.cpp; sourceTree = "<group>"; };
		2743DD8F171B7D7A00024259 /* b2Collision.h */ = {isa = PBXFileReference; fileEncoding = 4; lastKnownFileType = sourcecode.c.h; path = b2Collision.h; sourceTree = "<group>"; };
		2743DD90171B7D7A00024259 /* b2Distance.cpp */ = {isa = PBXFileReference; fileEncoding = 4; lastKnownFileType = sourcecode.cpp.cpp; path = b2Distance.cpp; sourceTree = "<group>"; };
		2743DD91171B7D7A00024259 /* b2Distance.h */ = {isa = PBXFileReference; fileEncoding = 4; lastKnownFileType = sourcecode.c.h; path = b2Distance.h; sourceTree = "<group>"; };
		2743DD92171B7D7A00024259 /* b2DynamicTree.cpp */ = {isa = PBXFileReference; fileEncoding = 4; lastKnownFileType = sourcecode.cpp.cpp; path = b2DynamicTree.cpp; sourceTree = "<group>"; };
		2743DD93171B7D7A00024259 /* b2DynamicTree.h */ = {isa = PBXFileReference; fileEncoding = 4; lastKnownFileType = sourcecode.c.h; path = b2DynamicTree.h; sourceTree = "<group>"; };
		2743DD94171B7D7A00024259 /* b2TimeOfImpact.cpp */ = {isa = PBXFileReference; fileEncoding = 4; lastKnownFileType = sourcecode.cpp.cpp; path = b2TimeOfImpact.cpp; sourceTree = "<group>"; };
		2743DD95171B7D7A00024259 /* b2TimeOfImpact.h */ = {isa = PBXFileReference; fileEncoding = 4; lastKnownFileType = sourcecode.c.h; path = b2TimeOfImpact.h; sourceTree = "<group>"; };
		2743DD97171B7D7A00024259 /* b2CircleShape.cpp */ = {isa = PBXFileReference; fileEncoding = 4; lastKnownFileType = sourcecode.cpp.cpp; path = b2CircleShape.cpp; sourceTree = "<group>"; };
		2743DD98171B7D7A00024259 /* b2CircleShape.h */ = {isa = PBXFileReference; fileEncoding = 4; lastKnownFileType = sourcecode.c.h; path = b2CircleShape.h; sourceTree = "<group>"; };
		2743DD99171B7D7A00024259 /* b2PolygonShape.cpp */ = {isa = PBXFileReference; fileEncoding = 4; lastKnownFileType = sourcecode.cpp.cpp; path = b2PolygonShape.cpp; sourceTree = "<group>"; };
		2743DD9A171B7D7A00024259 /* b2PolygonShape.h */ = {isa = PBXFileReference; fileEncoding = 4; lastKnownFileType = sourcecode.c.h; path = b2PolygonShape.h; sourceTree = "<group>"; };
		2743DD9B171B7D7A00024259 /* b2Shape.h */ = {isa = PBXFileReference; fileEncoding = 4; lastKnownFileType = sourcecode.c.h; path = b2Shape.h; sourceTree = "<group>"; };
		2743DD9D171B7D7A00024259 /* b2BlockAllocator.cpp */ = {isa = PBXFileReference; fileEncoding = 4; lastKnownFileType = sourcecode.cpp.cpp; path = b2BlockAllocator.cpp; sourceTree = "<group>"; };
		2743DD9E171B7D7A00024259 /* b2BlockAllocator.h */ = {isa = PBXFileReference; fileEncoding = 4; lastKnownFileType = sourcecode.c.h; path = b2BlockAllocator.h; sourceTree = "<group>"; };
		2743DD9F171B7D7A00024259 /* b2Math.cpp */ = {isa = PBXFileReference; fileEncoding = 4; lastKnownFileType = sourcecode.cpp.cpp; path = b2Math.cpp; sourceTree = "<group>"; };
		2743DDA0171B7D7A00024259 /* b2Math.h */ = {isa = PBXFileReference; fileEncoding = 4; lastKnownFileType = sourcecode.c.h; path = b2Math.h; sourceTree = "<group>"; };
		2743DDA1171B7D7A00024259 /* b2Settings.cpp */ = {isa = PBXFileReference; fileEncoding = 4; lastKnownFileType = sourcecode.cpp.cpp; path = b2Settings.cpp; sourceTree = "<group>"; };
		2743DDA2171B7D7A00024259 /* b2Settings.h */ = {isa = PBXFileReference; fileEncoding = 4; lastKnownFileType = sourcecode.c.h; path = b2Settings.h; sourceTree = "<group>"; };
		2743DDA3171B7D7A00024259 /* b2StackAllocator.cpp */ = {isa = PBXFileReference; fileEncoding = 4; lastKnownFileType = sourcecode.cpp.cpp; path = b2StackAllocator.cpp; sourceTree = "<group>"; };
		2743DDA4171B7D7A00024259 /* b2StackAllocator.h */ = {isa = PBXFileReference; fileEncoding = 4; lastKnownFileType = sourcecode.c.h; path = b2StackAllocator.h; sourceTree = "<group>"; };
		2743DDA6171B7D7A00024259 /* b2Body.cpp */ = {isa = PBXFileReference; fileEncoding = 4; lastKnownFileType = sourcecode.cpp.cpp; path = b2Body.cpp; sourceTree = "<group>"; };
		2743DDA7171B7D7A00024259 /* b2Body.h */ = {isa = PBXFileReference; fileEncoding = 4; lastKnownFileType = sourcecode.c.h; path = b2Body.h; sourceTree = "<group>"; };
		2743DDA8171B7D7A00024259 /* b2ContactManager.cpp */ = {isa = PBXFileReference; fileEncoding = 4; lastKnownFileType = sourcecode.cpp.cpp; path = b2ContactManager.cpp; sourceTree = "<group>"; };
		2743DDA9171B7D7A00024259 /* b2ContactManager.h */ = {isa = PBXFileReference; fileEncoding = 4; lastKnownFileType = sourcecode.c.h; path = b2ContactManager.h; sourceTree = "<group>"; };
		2743DDAA171B7D7A00024259 /* b2Fixture.cpp */ = {isa = PBXFileReference; fileEncoding = 4; lastKnownFileType = sourcecode.cpp.cpp; path = b2Fixture.cpp; sourceTree = "<group>"; };
		2743DDAB171B7D7A00024259 /* b2Fixture.h */ = {isa = PBXFileReference; fileEncoding = 4; lastKnownFileType = sourcecode.c.h; path = b2Fixture.h; sourceTree = "<group>"; };
		2743DDAC171B7D7A00024259 /* b2Island.cpp */ = {isa = PBXFileReference; fileEncoding = 4; lastKnownFileType = sourcecode.cpp.cpp; path = b2Island.cpp; sourceTree = "<group>"; };
		2743DDAD171B7D7A00024259 /* b2Island.h */ = {isa = PBXFileReference; fileEncoding = 4; lastKnownFileType = sourcecode.c.h; path = b2Island.h; sourceTree = "<group>"; };
		2743DDAE171B7D7A00024259 /* b2TimeStep.h */ = {isa = PBXFileReference; fileEncoding = 4; lastKnownFileType = sourcecode.c.h; path = b2TimeStep.h; sourceTree = "<group>"; };
		2743DDAF171B7D7A00024259 /* b2World.cpp */ = {isa = PBXFileReference; fileEncoding = 4; lastKnownFileType = sourcecode.cpp.cpp; path = b2World.cpp; sourceTree = "<group>"; };
		2743DDB0171B7D7A00024259 /* b2World.h */ = {isa = PBXFileReference; fileEncoding = 4; lastKnownFileType = sourcecode.c.h; path = b2World.h; sourceTree = "<group>"; };
		2743DDB1171B7D7A00024259 /* b2WorldCallbacks.cpp */ = {isa = PBXFileReference; fileEncoding = 4; lastKnownFileType = sourcecode.cpp.cpp; path = b2WorldCallbacks.cpp; sourceTree = "<group>"; };
		2743DDB2171B7D7A00024259 /* b2WorldCallbacks.h */ = {isa = PBXFileReference; fileEncoding = 4; lastKnownFileType = sourcecode.c.h; path = b2WorldCallbacks.h; sourceTree = "<group>"; };
		2743DDB4171B7D7A00024259 /* b2CircleContact.cpp */ = {isa = PBXFileReference; fileEncoding = 4; lastKnownFileType = sourcecode.cpp.cpp; path = b2CircleContact.cpp; sourceTree = "<group>"; };
		2743DDB5171B7D7A00024259 /* b2CircleContact.h */ = {isa = PBXFileReference; fileEncoding = 4; lastKnownFileType = sourcecode.c.h; path = b2CircleContact.h; sourceTree = "<group>"; };
		2743DDB6171B7D7A00024259 /* b2Contact.cpp */ = {isa = PBXFileReference; fileEncoding = 4; lastKnownFileType = sourcecode.cpp.cpp; path = b2Contact.cpp; sourceTree = "<group>"; };
		2743DDB7171B7D7A00024259 /* b2Contact.h */ = {isa = PBXFileReference; fileEncoding = 4; lastKnownFileType = sourcecode.c.h; path = b2Contact.h; sourceTree = "<group>"; };
		2743DDB8171B7D7A00024259 /* b2ContactSolver.cpp */ = {isa = PBXFileReference; fileEncoding = 4; lastKnownFileType = sourcecode.cpp.cpp; path = b2ContactSolver.cpp; sourceTree = "<group>"; };
		2743DDB9171B7D7A00024259 /* b2ContactSolver.h */ = {isa = PBXFileReference; fileEncoding = 4; lastKnownFileType = sourcecode.c.h; path = b2ContactSolver.h; sourceTree = "<group>"; };
		2743DDBA171B7D7A00024259 /* b2PolygonAndCircleContact.cpp */ = {isa = PBXFileReference; fileEncoding = 4; lastKnownFileType = sourcecode.cpp.cpp; path = b2PolygonAndCircleContact.cpp; sourceTree = "<group>"; };
		2743DDBB171B7D7A00024259 /* b2PolygonAndCircleContact.h */ = {isa = PBXFileReference; fileEncoding = 4; lastKnownFileType = sourcecode.c.h; path = b2PolygonAndCircleContact.h; sourceTree = "<group>"; };
		2743DDBC171B7D7A00024259 /* b2PolygonContact.cpp */ = {isa = PBXFileReference; fileEncoding = 4; lastKnownFileType = sourcecode.cpp.cpp; path = b2PolygonContact.cpp; sourceTree = "<group>"; };
		2743DDBD171B7D7A00024259 /* b2PolygonContact.h */ = {isa = PBXFileReference; fileEncoding = 4; lastKnownFileType = sourcecode.c.h; path = b2PolygonContact.h; sourceTree = "<group>"; };
		2743DDC1171B7D7A00024259 /* b2DistanceJoint.cpp */ = {isa = PBXFileReference; fileEncoding = 4; lastKnownFileType = sourcecode.cpp.cpp; path = b2DistanceJoint.cpp; sourceTree = "<group>"; };
		2743DDC2171B7D7A00024259 /* b2DistanceJoint.h */ = {isa = PBXFileReference; fileEncoding = 4; lastKnownFileType = sourcecode.c.h; path = b2DistanceJoint.h; sourceTree = "<group>"; };
		2743DDC3171B7D7A00024259 /* b2FrictionJoint.cpp */ = {isa = PBXFileReference; fileEncoding = 4; lastKnownFileType = sourcecode.cpp.cpp; path = b2FrictionJoint.cpp; sourceTree = "<group>"; };
		2743DDC4171B7D7A00024259 /* b2FrictionJoint.h */ = {isa = PBXFileReference; fileEncoding = 4; lastKnownFileType = sourcecode.c.h; path = b2FrictionJoint.h; sourceTree = "<group>"; };
		2743DDC5171B7D7A00024259 /* b2GearJoint.cpp */ = {isa = PBXFileReference; fileEncoding = 4; lastKnownFileType = sourcecode.cpp.cpp; path = b2GearJoint.cpp; sourceTree = "<group>"; };
		2743DDC6171B7D7A00024259 /* b2GearJoint.h */ = {isa = PBXFileReference; fileEncoding = 4; lastKnownFileType = sourcecode.c.h; path = b2GearJoint.h; sourceTree = "<group>"; };
		2743DDC7171B7D7A00024259 /* b2Joint.cpp */ = {isa = PBXFileReference; fileEncoding = 4; lastKnownFileType = sourcecode.cpp.cpp; path = b2Joint.cpp; sourceTree = "<group>"; };
		2743DDC8171B7D7A00024259 /* b2Joint.h */ = {isa = PBXFileReference; fileEncoding = 4; lastKnownFileType = sourcecode.c.h; path = b2Joint.h; sourceTree = "<group>"; };
		2743DDCB171B7D7A00024259 /* b2MouseJoint.cpp */ = {isa = PBXFileReference; fileEncoding = 4; lastKnownFileType = sourcecode.cpp.cpp; path = b2MouseJoint.cpp; sourceTree = "<group>"; };
		2743DDCC171B7D7A00024259 /* b2MouseJoint.h */ = {isa = PBXFileReference; fileEncoding = 4; lastKnownFileType = sourcecode.c.h; path = b2MouseJoint.h; sourceTree = "<group>"; };
		2743DDCD171B7D7A00024259 /* b2PrismaticJoint.cpp */ = {isa = PBXFileReference; fileEncoding = 4; lastKnownFileType = sourcecode.cpp.cpp; path = b2PrismaticJoint.cpp; sourceTree = "<group>"; };
		2743DDCE171B7D7A00024259 /* b2PrismaticJoint.h */ = {isa = PBXFileReference; fileEncoding = 4; lastKnownFileType = sourcecode.c.h; path = b2PrismaticJoint.h; sourceTree = "<group>"; };
		2743DDCF171B7D7A00024259 /* b2PulleyJoint.cpp */ = {isa = PBXFileReference; fileEncoding = 4; lastKnownFileType = sourcecode.cpp.cpp; path = b2PulleyJoint.cpp; sourceTree = "<group>"; };
		2743DDD0171B7D7A00024259 /* b2PulleyJoint.h */ = {isa = PBXFileReference; fileEncoding = 4; lastKnownFileType = sourcecode.c.h; path = b2PulleyJoint.h; sourceTree = "<group>"; };
		2743DDD1171B7D7A00024259 /* b2RevoluteJoint.cpp */ = {isa = PBXFileReference; fileEncoding = 4; lastKnownFileType = sourcecode.cpp.cpp; path = b2RevoluteJoint.cpp; sourceTree = "<group>"; };
		2743DDD2171B7D7A00024259 /* b2RevoluteJoint.h */ = {isa = PBXFileReference; fileEncoding = 4; lastKnownFileType = sourcecode.c.h; path = b2RevoluteJoint.h; sourceTree = "<group>"; };
		2743DDD3171B7D7A00024259 /* b2WeldJoint.cpp */ = {isa = PBXFileReference; fileEncoding = 4; lastKnownFileType = sourcecode.cpp.cpp; path = b2WeldJoint.cpp; sourceTree = "<group>"; };
		2743DDD4171B7D7A00024259 /* b2WeldJoint.h */ = {isa = PBXFileReference; fileEncoding = 4; lastKnownFileType = sourcecode.c.h; path = b2WeldJoint.h; sourceTree = "<group>"; };
		2743DDD6171B7D7A00024259 /* assert.hpp */ = {isa = PBXFileReference; fileEncoding = 4; lastKnownFileType = sourcecode.cpp.h; path = assert.hpp; sourceTree = "<group>"; };
		2743DDD7171B7D7A00024259 /* del_impl.cpp */ = {isa = PBXFileReference; fileEncoding = 4; lastKnownFileType = sourcecode.cpp.cpp; path = del_impl.cpp; sourceTree = "<group>"; };
		2743DDD8171B7D7A00024259 /* del_interface.hpp */ = {isa = PBXFileReference; fileEncoding = 4; lastKnownFileType = sourcecode.cpp.h; path = del_interface.hpp; sourceTree = "<group>"; };
		2743DDD9171B7D7A00024259 /* dpoint.hpp */ = {isa = PBXFileReference; fileEncoding = 4; lastKnownFileType = sourcecode.cpp.h; path = dpoint.hpp; sourceTree = "<group>"; };
		2743DDDA171B7D7A00024259 /* triangle.h */ = {isa = PBXFileReference; fileEncoding = 4; lastKnownFileType = sourcecode.c.h; path = triangle.h; sourceTree = "<group>"; };
		2743DDDB171B7D7A00024259 /* triangle_impl.hpp */ = {isa = PBXFileReference; fileEncoding = 4; lastKnownFileType = sourcecode.cpp.h; path = triangle_impl.hpp; sourceTree = "<group>"; };
		27B97448171CEA4000956DC8 /* b2ChainShape.cpp */ = {isa = PBXFileReference; fileEncoding = 4; lastKnownFileType = sourcecode.cpp.cpp; path = b2ChainShape.cpp; sourceTree = "<group>"; };
		27B97449171CEA4000956DC8 /* b2ChainShape.h */ = {isa = PBXFileReference; fileEncoding = 4; lastKnownFileType = sourcecode.c.h; path = b2ChainShape.h; sourceTree = "<group>"; };
		27EEA609171F37F600C12E13 /* b2EdgeShape.cpp */ = {isa = PBXFileReference; fileEncoding = 4; lastKnownFileType = sourcecode.cpp.cpp; path = b2EdgeShape.cpp; sourceTree = "<group>"; };
		27EEA60A171F37F600C12E13 /* b2EdgeShape.h */ = {isa = PBXFileReference; fileEncoding = 4; lastKnownFileType = sourcecode.c.h; path = b2EdgeShape.h; sourceTree = "<group>"; };
		27EEA60C171F4D2B00C12E13 /* b2CollideEdge.cpp */ = {isa = PBXFileReference; fileEncoding = 4; lastKnownFileType = sourcecode.cpp.cpp; path = b2CollideEdge.cpp; sourceTree = "<group>"; };
		27EEA60E171F5BD500C12E13 /* b2Draw.cpp */ = {isa = PBXFileReference; fileEncoding = 4; lastKnownFileType = sourcecode.cpp.cpp; path = b2Draw.cpp; sourceTree = "<group>"; };
		27EEA60F171F5BD600C12E13 /* b2Draw.h */ = {isa = PBXFileReference; fileEncoding = 4; lastKnownFileType = sourcecode.c.h; path = b2Draw.h; sourceTree = "<group>"; };
		27EEA610171F5BD700C12E13 /* b2GrowableStack.h */ = {isa = PBXFileReference; fileEncoding = 4; lastKnownFileType = sourcecode.c.h; path = b2GrowableStack.h; sourceTree = "<group>"; };
		27EEA611171F5BD800C12E13 /* b2Timer.cpp */ = {isa = PBXFileReference; fileEncoding = 4; lastKnownFileType = sourcecode.cpp.cpp; path = b2Timer.cpp; sourceTree = "<group>"; };
		27EEA612171F5BD900C12E13 /* b2Timer.h */ = {isa = PBXFileReference; fileEncoding = 4; lastKnownFileType = sourcecode.c.h; path = b2Timer.h; sourceTree = "<group>"; };
		27EEA615171F65FD00C12E13 /* b2ChainAndCircleContact.cpp */ = {isa = PBXFileReference; fileEncoding = 4; lastKnownFileType = sourcecode.cpp.cpp; path = b2ChainAndCircleContact.cpp; sourceTree = "<group>"; };
		27EEA616171F65FE00C12E13 /* b2ChainAndCircleContact.h */ = {isa = PBXFileReference; fileEncoding = 4; lastKnownFileType = sourcecode.c.h; path = b2ChainAndCircleContact.h; sourceTree = "<group>"; };
		27EEA617171F65FF00C12E13 /* b2ChainAndPolygonContact.cpp */ = {isa = PBXFileReference; fileEncoding = 4; lastKnownFileType = sourcecode.cpp.cpp; path = b2ChainAndPolygonContact.cpp; sourceTree = "<group>"; };
		27EEA618171F660000C12E13 /* b2ChainAndPolygonContact.h */ = {isa = PBXFileReference; fileEncoding = 4; lastKnownFileType = sourcecode.c.h; path = b2ChainAndPolygonContact.h; sourceTree = "<group>"; };
		27EEA619171F660300C12E13 /* b2EdgeAndCircleContact.cpp */ = {isa = PBXFileReference; fileEncoding = 4; lastKnownFileType = sourcecode.cpp.cpp; path = b2EdgeAndCircleContact.cpp; sourceTree = "<group>"; };
		27EEA61A171F660300C12E13 /* b2EdgeAndCircleContact.h */ = {isa = PBXFileReference; fileEncoding = 4; lastKnownFileType = sourcecode.c.h; path = b2EdgeAndCircleContact.h; sourceTree = "<group>"; };
		27EEA61B171F660600C12E13 /* b2EdgeAndPolygonContact.cpp */ = {isa = PBXFileReference; fileEncoding = 4; lastKnownFileType = sourcecode.cpp.cpp; path = b2EdgeAndPolygonContact.cpp; sourceTree = "<group>"; };
		27EEA61C171F660700C12E13 /* b2EdgeAndPolygonContact.h */ = {isa = PBXFileReference; fileEncoding = 4; lastKnownFileType = sourcecode.c.h; path = b2EdgeAndPolygonContact.h; sourceTree = "<group>"; };
		27EEA621171F6B4B00C12E13 /* b2MotorJoint.cpp */ = {isa = PBXFileReference; fileEncoding = 4; lastKnownFileType = sourcecode.cpp.cpp; path = b2MotorJoint.cpp; sourceTree = "<group>"; };
		27EEA622171F6B5100C12E13 /* b2MotorJoint.h */ = {isa = PBXFileReference; fileEncoding = 4; lastKnownFileType = sourcecode.c.h; path = b2MotorJoint.h; sourceTree = "<group>"; };
		27EEA623171F6B5600C12E13 /* b2RopeJoint.cpp */ = {isa = PBXFileReference; fileEncoding = 4; lastKnownFileType = sourcecode.cpp.cpp; path = b2RopeJoint.cpp; sourceTree = "<group>"; };
		27EEA624171F6B6000C12E13 /* b2RopeJoint.h */ = {isa = PBXFileReference; fileEncoding = 4; lastKnownFileType = sourcecode.c.h; path = b2RopeJoint.h; sourceTree = "<group>"; };
		27EEA625171F6B6A00C12E13 /* b2WheelJoint.cpp */ = {isa = PBXFileReference; fileEncoding = 4; lastKnownFileType = sourcecode.cpp.cpp; path = b2WheelJoint.cpp; sourceTree = "<group>"; };
		27EEA626171F6B7000C12E13 /* b2WheelJoint.h */ = {isa = PBXFileReference; fileEncoding = 4; lastKnownFileType = sourcecode.c.h; path = b2WheelJoint.h; sourceTree = "<group>"; };
		27EEA62B171F6CB400C12E13 /* ofxBox2d.cpp */ = {isa = PBXFileReference; fileEncoding = 4; lastKnownFileType = sourcecode.cpp.cpp; path = ofxBox2d.cpp; sourceTree = "<group>"; };
		27EEA62C171F6CB400C12E13 /* ofxBox2d.h */ = {isa = PBXFileReference; fileEncoding = 4; lastKnownFileType = sourcecode.c.h; path = ofxBox2d.h; sourceTree = "<group>"; };
		27EEA62D171F6CB400C12E13 /* ofxBox2dBaseShape.cpp */ = {isa = PBXFileReference; fileEncoding = 4; lastKnownFileType = sourcecode.cpp.cpp; path = ofxBox2dBaseShape.cpp; sourceTree = "<group>"; };
		27EEA62E171F6CB400C12E13 /* ofxBox2dBaseShape.h */ = {isa = PBXFileReference; fileEncoding = 4; lastKnownFileType = sourcecode.c.h; path = ofxBox2dBaseShape.h; sourceTree = "<group>"; };
		27EEA62F171F6CB400C12E13 /* ofxBox2dCircle.cpp */ = {isa = PBXFileReference; fileEncoding = 4; lastKnownFileType = sourcecode.cpp.cpp; path = ofxBox2dCircle.cpp; sourceTree = "<group>"; };
		27EEA630171F6CB400C12E13 /* ofxBox2dCircle.h */ = {isa = PBXFileReference; fileEncoding = 4; lastKnownFileType = sourcecode.c.h; path = ofxBox2dCircle.h; sourceTree = "<group>"; };
		27EEA631171F6CB400C12E13 /* ofxBox2dContactListener.h */ = {isa = PBXFileReference; fileEncoding = 4; lastKnownFileType = sourcecode.c.h; path = ofxBox2dContactListener.h; sourceTree = "<group>"; };
		27EEA632171F6CB400C12E13 /* ofxBox2dJoint.cpp */ = {isa = PBXFileReference; fileEncoding = 4; lastKnownFileType = sourcecode.cpp.cpp; path = ofxBox2dJoint.cpp; sourceTree = "<group>"; };
		27EEA633171F6CB400C12E13 /* ofxBox2dJoint.h */ = {isa = PBXFileReference; fileEncoding = 4; lastKnownFileType = sourcecode.c.h; path = ofxBox2dJoint.h; sourceTree = "<group>"; };
		27EEA634171F6CB400C12E13 /* ofxBox2dPolygon.cpp */ = {isa = PBXFileReference; fileEncoding = 4; lastKnownFileType = sourcecode.cpp.cpp; path = ofxBox2dPolygon.cpp; sourceTree = "<group>"; };
		27EEA635171F6CB400C12E13 /* ofxBox2dPolygon.h */ = {isa = PBXFileReference; fileEncoding = 4; lastKnownFileType = sourcecode.c.h; path = ofxBox2dPolygon.h; sourceTree = "<group>"; };
		27EEA636171F6CB400C12E13 /* ofxBox2dPolygonUtils.h */ = {isa = PBXFileReference; fileEncoding = 4; lastKnownFileType = sourcecode.c.h; path = ofxBox2dPolygonUtils.h; sourceTree = "<group>"; };
		27EEA637171F6CB400C12E13 /* ofxBox2dRect.cpp */ = {isa = PBXFileReference; fileEncoding = 4; lastKnownFileType = sourcecode.cpp.cpp; path = ofxBox2dRect.cpp; sourceTree = "<group>"; };
		27EEA638171F6CB400C12E13 /* ofxBox2dRect.h */ = {isa = PBXFileReference; fileEncoding = 4; lastKnownFileType = sourcecode.c.h; path = ofxBox2dRect.h; sourceTree = "<group>"; };
		27EEA639171F6CB400C12E13 /* ofxBox2dRender.h */ = {isa = PBXFileReference; fileEncoding = 4; lastKnownFileType = sourcecode.c.h; path = ofxBox2dRender.h; sourceTree = "<group>"; };
		27EEA63A171F6CB400C12E13 /* ofxBox2dUtils.h */ = {isa = PBXFileReference; fileEncoding = 4; lastKnownFileType = sourcecode.c.h; path = ofxBox2dUtils.h; sourceTree = "<group>"; };
		288765FC0DF74451002DB57D /* CoreGraphics.framework */ = {isa = PBXFileReference; lastKnownFileType = wrapper.framework; name = CoreGraphics.framework; path = System/Library/Frameworks/CoreGraphics.framework; sourceTree = SDKROOT; };
		32CA4F630368D1EE00C91783 /* iPhone_Prefix.pch */ = {isa = PBXFileReference; fileEncoding = 4; lastKnownFileType = sourcecode.c.h; path = iPhone_Prefix.pch; sourceTree = "<group>"; };
		5326AEA710A23A0500278DE6 /* CoreLocation.framework */ = {isa = PBXFileReference; lastKnownFileType = wrapper.framework; name = CoreLocation.framework; path = System/Library/Frameworks/CoreLocation.framework; sourceTree = SDKROOT; };
		53F323EA10A20EDB00E0DAE4 /* OpenAL.framework */ = {isa = PBXFileReference; lastKnownFileType = wrapper.framework; name = OpenAL.framework; path = System/Library/Frameworks/OpenAL.framework; sourceTree = SDKROOT; };
		BB16EBD10F2B2A9500518274 /* OpenGLES.framework */ = {isa = PBXFileReference; lastKnownFileType = wrapper.framework; name = OpenGLES.framework; path = System/Library/Frameworks/OpenGLES.framework; sourceTree = SDKROOT; };
		BB16EBD80F2B2AB500518274 /* QuartzCore.framework */ = {isa = PBXFileReference; lastKnownFileType = wrapper.framework; name = QuartzCore.framework; path = System/Library/Frameworks/QuartzCore.framework; sourceTree = SDKROOT; };
		BB24DDC910DA781C00E9C588 /* ofxiphone-Info.plist */ = {isa = PBXFileReference; fileEncoding = 4; lastKnownFileType = text.plist.xml; path = "ofxiphone-Info.plist"; sourceTree = "<group>"; };
		BBE5EAB70F49AD8400F28951 /* AudioToolbox.framework */ = {isa = PBXFileReference; lastKnownFileType = wrapper.framework; name = AudioToolbox.framework; path = System/Library/Frameworks/AudioToolbox.framework; sourceTree = SDKROOT; };
		E41D3ED613B38FB500A75A5D /* Project.xcconfig */ = {isa = PBXFileReference; fileEncoding = 4; lastKnownFileType = text.xcconfig; path = Project.xcconfig; sourceTree = "<group>"; };
		E41D3EE513B3906D00A75A5D /* CoreOF.xcconfig */ = {isa = PBXFileReference; fileEncoding = 4; lastKnownFileType = text.xcconfig; name = CoreOF.xcconfig; path = ../../../libs/openFrameworksCompiled/project/ios/CoreOF.xcconfig; sourceTree = SOURCE_ROOT; };
		E41D400613B39D2100A75A5D /* AVFoundation.framework */ = {isa = PBXFileReference; lastKnownFileType = wrapper.framework; name = AVFoundation.framework; path = System/Library/Frameworks/AVFoundation.framework; sourceTree = SDKROOT; };
		E41D400713B39D2100A75A5D /* CoreMedia.framework */ = {isa = PBXFileReference; lastKnownFileType = wrapper.framework; name = CoreMedia.framework; path = System/Library/Frameworks/CoreMedia.framework; sourceTree = SDKROOT; };
		E41D400813B39D2100A75A5D /* CoreVideo.framework */ = {isa = PBXFileReference; lastKnownFileType = wrapper.framework; name = CoreVideo.framework; path = System/Library/Frameworks/CoreVideo.framework; sourceTree = SDKROOT; };
		E41D400913B39D2100A75A5D /* MapKit.framework */ = {isa = PBXFileReference; lastKnownFileType = wrapper.framework; name = MapKit.framework; path = System/Library/Frameworks/MapKit.framework; sourceTree = SDKROOT; };
		E41D40FD13B3A0D800A75A5D /* iOS+OFLib.xcodeproj */ = {isa = PBXFileReference; lastKnownFileType = "wrapper.pb-project"; name = "iOS+OFLib.xcodeproj"; path = "../../../libs/openFrameworksCompiled/project/ios/iOS+OFLib.xcodeproj"; sourceTree = SOURCE_ROOT; };
		E4A823A312561BE3002F86A2 /* CoreGraphics.framework */ = {isa = PBXFileReference; lastKnownFileType = wrapper.framework; name = CoreGraphics.framework; path = System/Library/Frameworks/CoreGraphics.framework; sourceTree = SDKROOT; };
		E4D8936B11527B74007E1F53 /* main.mm */ = {isa = PBXFileReference; fileEncoding = 4; lastKnownFileType = sourcecode.cpp.objcpp; name = main.mm; path = src/main.mm; sourceTree = SOURCE_ROOT; };
		E4D8936C11527B74007E1F53 /* ofxBox2dApp.h */ = {isa = PBXFileReference; fileEncoding = 4; lastKnownFileType = sourcecode.c.h; name = ofxBox2dApp.h; path = src/ofxBox2dApp.h; sourceTree = SOURCE_ROOT; };
		E4D8936D11527B74007E1F53 /* ofxBox2dApp.mm */ = {isa = PBXFileReference; fileEncoding = 4; lastKnownFileType = sourcecode.cpp.objcpp; name = ofxBox2dApp.mm; path = src/ofxBox2dApp.mm; sourceTree = SOURCE_ROOT; };
/* End PBXFileReference section */

/* Begin PBXFrameworksBuildPhase section */
		1D60588F0D05DD3D006BFB54 /* Frameworks */ = {
			isa = PBXFrameworksBuildPhase;
			buildActionMask = 2147483647;
			files = (
				E41D421413B3A95300A75A5D /* libofxiPhone_iphoneos_Debug.a in Frameworks */,
				1D60589F0D05DD5A006BFB54 /* Foundation.framework in Frameworks */,
				1DF5F4E00D08C38300B7A737 /* UIKit.framework in Frameworks */,
				288765FD0DF74451002DB57D /* CoreGraphics.framework in Frameworks */,
				BB16EBD20F2B2A9500518274 /* OpenGLES.framework in Frameworks */,
				BB16EBD90F2B2AB500518274 /* QuartzCore.framework in Frameworks */,
				BBE5EAB80F49AD8400F28951 /* AudioToolbox.framework in Frameworks */,
				53F323EB10A20EDB00E0DAE4 /* OpenAL.framework in Frameworks */,
				5326AEA810A23A0500278DE6 /* CoreLocation.framework in Frameworks */,
				E4A823A412561BE3002F86A2 /* CoreGraphics.framework in Frameworks */,
				E41D400B13B39D2100A75A5D /* AVFoundation.framework in Frameworks */,
				E41D400C13B39D2100A75A5D /* CoreMedia.framework in Frameworks */,
				E41D400D13B39D2100A75A5D /* CoreVideo.framework in Frameworks */,
				E41D400E13B39D2100A75A5D /* MapKit.framework in Frameworks */,
			);
			runOnlyForDeploymentPostprocessing = 0;
		};
/* End PBXFrameworksBuildPhase section */

/* Begin PBXGroup section */
		19C28FACFE9D520D11CA2CBB /* Products */ = {
			isa = PBXGroup;
			children = (
				1D6058910D05DD3D006BFB54 /* ofxBox2dExample.app */,
			);
			name = Products;
			sourceTree = "<group>";
		};
		2743DD84171B7D7A00024259 /* ofxBox2d */ = {
			isa = PBXGroup;
			children = (
				2743DD85171B7D7A00024259 /* install.xml */,
				2743DD86171B7D7A00024259 /* libs */,
				27EEA62A171F6CA700C12E13 /* src */,
			);
			path = ofxBox2d;
			sourceTree = "<group>";
		};
		2743DD86171B7D7A00024259 /* libs */ = {
			isa = PBXGroup;
			children = (
				2743DD87171B7D7A00024259 /* Box2D */,
				2743DDD5171B7D7A00024259 /* triangle */,
			);
			path = libs;
			sourceTree = "<group>";
		};
		2743DD87171B7D7A00024259 /* Box2D */ = {
			isa = PBXGroup;
			children = (
				2743DD88171B7D7A00024259 /* Box2D.h */,
				2743DD89171B7D7A00024259 /* Collision */,
				2743DD9C171B7D7A00024259 /* Common */,
				2743DDA5171B7D7A00024259 /* Dynamics */,
			);
			path = Box2D;
			sourceTree = "<group>";
		};
		2743DD89171B7D7A00024259 /* Collision */ = {
			isa = PBXGroup;
			children = (
				2743DD8A171B7D7A00024259 /* b2BroadPhase.cpp */,
				2743DD8B171B7D7A00024259 /* b2BroadPhase.h */,
				2743DD8C171B7D7A00024259 /* b2CollideCircle.cpp */,
				27EEA60C171F4D2B00C12E13 /* b2CollideEdge.cpp */,
				2743DD8D171B7D7A00024259 /* b2CollidePolygon.cpp */,
				2743DD8E171B7D7A00024259 /* b2Collision.cpp */,
				2743DD8F171B7D7A00024259 /* b2Collision.h */,
				2743DD90171B7D7A00024259 /* b2Distance.cpp */,
				2743DD91171B7D7A00024259 /* b2Distance.h */,
				2743DD92171B7D7A00024259 /* b2DynamicTree.cpp */,
				2743DD93171B7D7A00024259 /* b2DynamicTree.h */,
				2743DD94171B7D7A00024259 /* b2TimeOfImpact.cpp */,
				2743DD95171B7D7A00024259 /* b2TimeOfImpact.h */,
				2743DD96171B7D7A00024259 /* Shapes */,
			);
			path = Collision;
			sourceTree = "<group>";
		};
		2743DD96171B7D7A00024259 /* Shapes */ = {
			isa = PBXGroup;
			children = (
				27B97448171CEA4000956DC8 /* b2ChainShape.cpp */,
				27B97449171CEA4000956DC8 /* b2ChainShape.h */,
				2743DD97171B7D7A00024259 /* b2CircleShape.cpp */,
				2743DD98171B7D7A00024259 /* b2CircleShape.h */,
				27EEA609171F37F600C12E13 /* b2EdgeShape.cpp */,
				27EEA60A171F37F600C12E13 /* b2EdgeShape.h */,
				2743DD99171B7D7A00024259 /* b2PolygonShape.cpp */,
				2743DD9A171B7D7A00024259 /* b2PolygonShape.h */,
				2743DD9B171B7D7A00024259 /* b2Shape.h */,
			);
			path = Shapes;
			sourceTree = "<group>";
		};
		2743DD9C171B7D7A00024259 /* Common */ = {
			isa = PBXGroup;
			children = (
				2743DD9D171B7D7A00024259 /* b2BlockAllocator.cpp */,
				2743DD9E171B7D7A00024259 /* b2BlockAllocator.h */,
				27EEA60E171F5BD500C12E13 /* b2Draw.cpp */,
				27EEA60F171F5BD600C12E13 /* b2Draw.h */,
				27EEA610171F5BD700C12E13 /* b2GrowableStack.h */,
				2743DD9F171B7D7A00024259 /* b2Math.cpp */,
				2743DDA0171B7D7A00024259 /* b2Math.h */,
				2743DDA1171B7D7A00024259 /* b2Settings.cpp */,
				2743DDA2171B7D7A00024259 /* b2Settings.h */,
				2743DDA3171B7D7A00024259 /* b2StackAllocator.cpp */,
				2743DDA4171B7D7A00024259 /* b2StackAllocator.h */,
				27EEA611171F5BD800C12E13 /* b2Timer.cpp */,
				27EEA612171F5BD900C12E13 /* b2Timer.h */,
			);
			path = Common;
			sourceTree = "<group>";
		};
		2743DDA5171B7D7A00024259 /* Dynamics */ = {
			isa = PBXGroup;
			children = (
				2743DDA6171B7D7A00024259 /* b2Body.cpp */,
				2743DDA7171B7D7A00024259 /* b2Body.h */,
				2743DDA8171B7D7A00024259 /* b2ContactManager.cpp */,
				2743DDA9171B7D7A00024259 /* b2ContactManager.h */,
				2743DDAA171B7D7A00024259 /* b2Fixture.cpp */,
				2743DDAB171B7D7A00024259 /* b2Fixture.h */,
				2743DDAC171B7D7A00024259 /* b2Island.cpp */,
				2743DDAD171B7D7A00024259 /* b2Island.h */,
				2743DDAE171B7D7A00024259 /* b2TimeStep.h */,
				2743DDAF171B7D7A00024259 /* b2World.cpp */,
				2743DDB0171B7D7A00024259 /* b2World.h */,
				2743DDB1171B7D7A00024259 /* b2WorldCallbacks.cpp */,
				2743DDB2171B7D7A00024259 /* b2WorldCallbacks.h */,
				2743DDB3171B7D7A00024259 /* Contacts */,
				2743DDC0171B7D7A00024259 /* Joints */,
			);
			path = Dynamics;
			sourceTree = "<group>";
		};
		2743DDB3171B7D7A00024259 /* Contacts */ = {
			isa = PBXGroup;
			children = (
				27EEA615171F65FD00C12E13 /* b2ChainAndCircleContact.cpp */,
				27EEA616171F65FE00C12E13 /* b2ChainAndCircleContact.h */,
				27EEA617171F65FF00C12E13 /* b2ChainAndPolygonContact.cpp */,
				27EEA618171F660000C12E13 /* b2ChainAndPolygonContact.h */,
				2743DDB4171B7D7A00024259 /* b2CircleContact.cpp */,
				2743DDB5171B7D7A00024259 /* b2CircleContact.h */,
				2743DDB6171B7D7A00024259 /* b2Contact.cpp */,
				2743DDB7171B7D7A00024259 /* b2Contact.h */,
				2743DDB8171B7D7A00024259 /* b2ContactSolver.cpp */,
				2743DDB9171B7D7A00024259 /* b2ContactSolver.h */,
				27EEA619171F660300C12E13 /* b2EdgeAndCircleContact.cpp */,
				27EEA61A171F660300C12E13 /* b2EdgeAndCircleContact.h */,
				27EEA61B171F660600C12E13 /* b2EdgeAndPolygonContact.cpp */,
				27EEA61C171F660700C12E13 /* b2EdgeAndPolygonContact.h */,
				2743DDBA171B7D7A00024259 /* b2PolygonAndCircleContact.cpp */,
				2743DDBB171B7D7A00024259 /* b2PolygonAndCircleContact.h */,
				2743DDBC171B7D7A00024259 /* b2PolygonContact.cpp */,
				2743DDBD171B7D7A00024259 /* b2PolygonContact.h */,
			);
			path = Contacts;
			sourceTree = "<group>";
		};
		2743DDC0171B7D7A00024259 /* Joints */ = {
			isa = PBXGroup;
			children = (
				2743DDC1171B7D7A00024259 /* b2DistanceJoint.cpp */,
				2743DDC2171B7D7A00024259 /* b2DistanceJoint.h */,
				2743DDC3171B7D7A00024259 /* b2FrictionJoint.cpp */,
				2743DDC4171B7D7A00024259 /* b2FrictionJoint.h */,
				2743DDC5171B7D7A00024259 /* b2GearJoint.cpp */,
				2743DDC6171B7D7A00024259 /* b2GearJoint.h */,
				2743DDC7171B7D7A00024259 /* b2Joint.cpp */,
				2743DDC8171B7D7A00024259 /* b2Joint.h */,
				27EEA621171F6B4B00C12E13 /* b2MotorJoint.cpp */,
				27EEA622171F6B5100C12E13 /* b2MotorJoint.h */,
				2743DDCB171B7D7A00024259 /* b2MouseJoint.cpp */,
				2743DDCC171B7D7A00024259 /* b2MouseJoint.h */,
				2743DDCD171B7D7A00024259 /* b2PrismaticJoint.cpp */,
				2743DDCE171B7D7A00024259 /* b2PrismaticJoint.h */,
				2743DDCF171B7D7A00024259 /* b2PulleyJoint.cpp */,
				2743DDD0171B7D7A00024259 /* b2PulleyJoint.h */,
				2743DDD1171B7D7A00024259 /* b2RevoluteJoint.cpp */,
				2743DDD2171B7D7A00024259 /* b2RevoluteJoint.h */,
				27EEA623171F6B5600C12E13 /* b2RopeJoint.cpp */,
				27EEA624171F6B6000C12E13 /* b2RopeJoint.h */,
				2743DDD3171B7D7A00024259 /* b2WeldJoint.cpp */,
				2743DDD4171B7D7A00024259 /* b2WeldJoint.h */,
				27EEA625171F6B6A00C12E13 /* b2WheelJoint.cpp */,
				27EEA626171F6B7000C12E13 /* b2WheelJoint.h */,
			);
			path = Joints;
			sourceTree = "<group>";
		};
		2743DDD5171B7D7A00024259 /* triangle */ = {
			isa = PBXGroup;
			children = (
				2743DDD6171B7D7A00024259 /* assert.hpp */,
				2743DDD7171B7D7A00024259 /* del_impl.cpp */,
				2743DDD8171B7D7A00024259 /* del_interface.hpp */,
				2743DDD9171B7D7A00024259 /* dpoint.hpp */,
				2743DDDA171B7D7A00024259 /* triangle.h */,
				2743DDDB171B7D7A00024259 /* triangle_impl.hpp */,
			);
			path = triangle;
			sourceTree = "<group>";
		};
		27EEA62A171F6CA700C12E13 /* src */ = {
			isa = PBXGroup;
			children = (
				27EEA62B171F6CB400C12E13 /* ofxBox2d.cpp */,
				27EEA62C171F6CB400C12E13 /* ofxBox2d.h */,
				27EEA62D171F6CB400C12E13 /* ofxBox2dBaseShape.cpp */,
				27EEA62E171F6CB400C12E13 /* ofxBox2dBaseShape.h */,
				27EEA62F171F6CB400C12E13 /* ofxBox2dCircle.cpp */,
				27EEA630171F6CB400C12E13 /* ofxBox2dCircle.h */,
				27EEA631171F6CB400C12E13 /* ofxBox2dContactListener.h */,
				27EEA632171F6CB400C12E13 /* ofxBox2dJoint.cpp */,
				27EEA633171F6CB400C12E13 /* ofxBox2dJoint.h */,
				27EEA634171F6CB400C12E13 /* ofxBox2dPolygon.cpp */,
				27EEA635171F6CB400C12E13 /* ofxBox2dPolygon.h */,
				27EEA636171F6CB400C12E13 /* ofxBox2dPolygonUtils.h */,
				27EEA637171F6CB400C12E13 /* ofxBox2dRect.cpp */,
				27EEA638171F6CB400C12E13 /* ofxBox2dRect.h */,
				27EEA639171F6CB400C12E13 /* ofxBox2dRender.h */,
				27EEA63A171F6CB400C12E13 /* ofxBox2dUtils.h */,
			);
			path = src;
			sourceTree = "<group>";
		};
		29B97314FDCFA39411CA2CEA /* CustomTemplate */ = {
			isa = PBXGroup;
			children = (
				E4D8936A11527B74007E1F53 /* src */,
				BB24E1F710DAA51900E9C588 /* openFrameworks */,
				BB16F26B0F2B646B00518274 /* addons */,
				BB16E9930F2B1E5900518274 /* libs */,
				19C28FACFE9D520D11CA2CBB /* Products */,
			);
			name = CustomTemplate;
			sourceTree = "<group>";
		};
		29B97323FDCFA39411CA2CEA /* core frameworks */ = {
			isa = PBXGroup;
			children = (
				E41D400613B39D2100A75A5D /* AVFoundation.framework */,
				E41D400713B39D2100A75A5D /* CoreMedia.framework */,
				E41D400813B39D2100A75A5D /* CoreVideo.framework */,
				E41D400913B39D2100A75A5D /* MapKit.framework */,
				53F323EA10A20EDB00E0DAE4 /* OpenAL.framework */,
				E4A823A312561BE3002F86A2 /* CoreGraphics.framework */,
				BBE5EAB70F49AD8400F28951 /* AudioToolbox.framework */,
				BB16EBD80F2B2AB500518274 /* QuartzCore.framework */,
				BB16EBD10F2B2A9500518274 /* OpenGLES.framework */,
				1DF5F4DF0D08C38300B7A737 /* UIKit.framework */,
				1D30AB110D05D00D00671497 /* Foundation.framework */,
				288765FC0DF74451002DB57D /* CoreGraphics.framework */,
				5326AEA710A23A0500278DE6 /* CoreLocation.framework */,
			);
			name = "core frameworks";
			sourceTree = "<group>";
		};
		BB16E9930F2B1E5900518274 /* libs */ = {
			isa = PBXGroup;
			children = (
				BBE5E94E0F497BD800F28951 /* core */,
			);
			name = libs;
			sourceTree = "<group>";
		};
		BB16F26B0F2B646B00518274 /* addons */ = {
			isa = PBXGroup;
			children = (
				2743DD84171B7D7A00024259 /* ofxBox2d */,
			);
			name = addons;
			sourceTree = "<group>";
		};
		BB24E1F710DAA51900E9C588 /* openFrameworks */ = {
			isa = PBXGroup;
			children = (
				E41D40FD13B3A0D800A75A5D /* iOS+OFLib.xcodeproj */,
				32CA4F630368D1EE00C91783 /* iPhone_Prefix.pch */,
				BB24DDC910DA781C00E9C588 /* ofxiphone-Info.plist */,
				E41D3EE513B3906D00A75A5D /* CoreOF.xcconfig */,
				E41D3ED613B38FB500A75A5D /* Project.xcconfig */,
			);
			name = openFrameworks;
			sourceTree = "<group>";
		};
		BBE5E94E0F497BD800F28951 /* core */ = {
			isa = PBXGroup;
			children = (
				29B97323FDCFA39411CA2CEA /* core frameworks */,
			);
			name = core;
			sourceTree = "<group>";
		};
		E41D40FE13B3A0D800A75A5D /* Products */ = {
			isa = PBXGroup;
			children = (
				E41D410213B3A0D800A75A5D /* libofxiPhone_iphoneos_Debug.a */,
			);
			name = Products;
			sourceTree = "<group>";
		};
		E4D8936A11527B74007E1F53 /* src */ = {
			isa = PBXGroup;
			children = (
				E4D8936B11527B74007E1F53 /* main.mm */,
				E4D8936D11527B74007E1F53 /* ofxBox2dApp.mm */,
				E4D8936C11527B74007E1F53 /* ofxBox2dApp.h */,
			);
			path = src;
			sourceTree = SOURCE_ROOT;
		};
/* End PBXGroup section */

/* Begin PBXNativeTarget section */
		1D6058900D05DD3D006BFB54 /* ofxBox2dExample */ = {
			isa = PBXNativeTarget;
			buildConfigurationList = 1D6058960D05DD3E006BFB54 /* Build configuration list for PBXNativeTarget "ofxBox2dExample" */;
			buildPhases = (
				1D60588D0D05DD3D006BFB54 /* Resources */,
				1D60588E0D05DD3D006BFB54 /* Sources */,
				1D60588F0D05DD3D006BFB54 /* Frameworks */,
				9255DD331112741900D6945E /* ShellScript */,
			);
			buildRules = (
			);
			dependencies = (
				E41D410413B3A11300A75A5D /* PBXTargetDependency */,
			);
			name = ofxBox2dExample;
			productName = iPhone;
			productReference = 1D6058910D05DD3D006BFB54 /* ofxBox2dExample.app */;
			productType = "com.apple.product-type.application";
		};
/* End PBXNativeTarget section */

/* Begin PBXProject section */
		29B97313FDCFA39411CA2CEA /* Project object */ = {
			isa = PBXProject;
			buildConfigurationList = C01FCF4E08A954540054247B /* Build configuration list for PBXProject "ofxBox2dExample" */;
			compatibilityVersion = "Xcode 3.1";
			developmentRegion = English;
			hasScannedForEncodings = 1;
			knownRegions = (
				English,
				Japanese,
				French,
				German,
			);
			mainGroup = 29B97314FDCFA39411CA2CEA /* CustomTemplate */;
			projectDirPath = "";
			projectReferences = (
				{
					ProductGroup = E41D40FE13B3A0D800A75A5D /* Products */;
					ProjectRef = E41D40FD13B3A0D800A75A5D /* iOS+OFLib.xcodeproj */;
				},
			);
			projectRoot = "";
			targets = (
				1D6058900D05DD3D006BFB54 /* ofxBox2dExample */,
			);
		};
/* End PBXProject section */

/* Begin PBXReferenceProxy section */
		E41D410213B3A0D800A75A5D /* libofxiPhone_iphoneos_Debug.a */ = {
			isa = PBXReferenceProxy;
			fileType = archive.ar;
			path = libofxiPhone_iphoneos_Debug.a;
			remoteRef = E41D410113B3A0D800A75A5D /* PBXContainerItemProxy */;
			sourceTree = BUILT_PRODUCTS_DIR;
		};
/* End PBXReferenceProxy section */

/* Begin PBXResourcesBuildPhase section */
		1D60588D0D05DD3D006BFB54 /* Resources */ = {
			isa = PBXResourcesBuildPhase;
			buildActionMask = 2147483647;
			files = (
				BB24DDCA10DA781C00E9C588 /* ofxiphone-Info.plist in Resources */,
				E41D3ED713B38FB500A75A5D /* Project.xcconfig in Resources */,
				E41D3EE613B3906D00A75A5D /* CoreOF.xcconfig in Resources */,
				2743DDED171B7D7A00024259 /* install.xml in Resources */,
			);
			runOnlyForDeploymentPostprocessing = 0;
		};
/* End PBXResourcesBuildPhase section */

/* Begin PBXShellScriptBuildPhase section */
		9255DD331112741900D6945E /* ShellScript */ = {
			isa = PBXShellScriptBuildPhase;
			buildActionMask = 2147483647;
			files = (
			);
			inputPaths = (
			);
			outputPaths = (
			);
			runOnlyForDeploymentPostprocessing = 0;
			shellPath = /bin/sh;
			shellScript = "cp -rf bin/data/ \"$TARGET_BUILD_DIR/$PRODUCT_NAME.app\"\n";
		};
/* End PBXShellScriptBuildPhase section */

/* Begin PBXSourcesBuildPhase section */
		1D60588E0D05DD3D006BFB54 /* Sources */ = {
			isa = PBXSourcesBuildPhase;
			buildActionMask = 2147483647;
			files = (
				E4D8936E11527B74007E1F53 /* main.mm in Sources */,
				E4D8936F11527B74007E1F53 /* ofxBox2dApp.mm in Sources */,
				2743DDEE171B7D7A00024259 /* b2BroadPhase.cpp in Sources */,
				2743DDEF171B7D7A00024259 /* b2CollideCircle.cpp in Sources */,
				2743DDF0171B7D7B00024259 /* b2CollidePolygon.cpp in Sources */,
				2743DDF1171B7D7B00024259 /* b2Collision.cpp in Sources */,
				2743DDF2171B7D7B00024259 /* b2Distance.cpp in Sources */,
				2743DDF3171B7D7B00024259 /* b2DynamicTree.cpp in Sources */,
				2743DDF4171B7D7B00024259 /* b2TimeOfImpact.cpp in Sources */,
				2743DDF5171B7D7B00024259 /* b2CircleShape.cpp in Sources */,
				2743DDF6171B7D7B00024259 /* b2PolygonShape.cpp in Sources */,
				2743DDF7171B7D7B00024259 /* b2BlockAllocator.cpp in Sources */,
				2743DDF8171B7D7B00024259 /* b2Math.cpp in Sources */,
				2743DDF9171B7D7B00024259 /* b2Settings.cpp in Sources */,
				2743DDFA171B7D7B00024259 /* b2StackAllocator.cpp in Sources */,
				2743DDFB171B7D7B00024259 /* b2Body.cpp in Sources */,
				2743DDFC171B7D7B00024259 /* b2ContactManager.cpp in Sources */,
				2743DDFD171B7D7B00024259 /* b2Fixture.cpp in Sources */,
				2743DDFE171B7D7B00024259 /* b2Island.cpp in Sources */,
				2743DDFF171B7D7B00024259 /* b2World.cpp in Sources */,
				2743DE00171B7D7B00024259 /* b2WorldCallbacks.cpp in Sources */,
				2743DE01171B7D7B00024259 /* b2CircleContact.cpp in Sources */,
				2743DE02171B7D7B00024259 /* b2Contact.cpp in Sources */,
				2743DE03171B7D7B00024259 /* b2ContactSolver.cpp in Sources */,
				2743DE04171B7D7B00024259 /* b2PolygonAndCircleContact.cpp in Sources */,
				2743DE05171B7D7B00024259 /* b2PolygonContact.cpp in Sources */,
				2743DE07171B7D7B00024259 /* b2DistanceJoint.cpp in Sources */,
				2743DE08171B7D7B00024259 /* b2FrictionJoint.cpp in Sources */,
				2743DE09171B7D7B00024259 /* b2GearJoint.cpp in Sources */,
				2743DE0A171B7D7B00024259 /* b2Joint.cpp in Sources */,
				2743DE0C171B7D7B00024259 /* b2MouseJoint.cpp in Sources */,
				2743DE0D171B7D7B00024259 /* b2PrismaticJoint.cpp in Sources */,
				2743DE0E171B7D7B00024259 /* b2PulleyJoint.cpp in Sources */,
				2743DE0F171B7D7B00024259 /* b2RevoluteJoint.cpp in Sources */,
				2743DE10171B7D7B00024259 /* b2WeldJoint.cpp in Sources */,
				2743DE11171B7D7B00024259 /* del_impl.cpp in Sources */,
				27B9744A171CEA4000956DC8 /* b2ChainShape.cpp in Sources */,
				27EEA60B171F37F600C12E13 /* b2EdgeShape.cpp in Sources */,
				27EEA60D171F4D2D00C12E13 /* b2CollideEdge.cpp in Sources */,
				27EEA613171F5BDA00C12E13 /* b2Draw.cpp in Sources */,
				27EEA614171F5BDA00C12E13 /* b2Timer.cpp in Sources */,
				27EEA61D171F660900C12E13 /* b2ChainAndCircleContact.cpp in Sources */,
				27EEA61E171F660900C12E13 /* b2ChainAndPolygonContact.cpp in Sources */,
				27EEA61F171F660900C12E13 /* b2EdgeAndCircleContact.cpp in Sources */,
				27EEA620171F660900C12E13 /* b2EdgeAndPolygonContact.cpp in Sources */,
				27EEA627171F6B7600C12E13 /* b2MotorJoint.cpp in Sources */,
				27EEA628171F6B7600C12E13 /* b2RopeJoint.cpp in Sources */,
				27EEA629171F6B7600C12E13 /* b2WheelJoint.cpp in Sources */,
				27EEA63B171F6CB400C12E13 /* ofxBox2d.cpp in Sources */,
				27EEA63C171F6CB400C12E13 /* ofxBox2dBaseShape.cpp in Sources */,
				27EEA63D171F6CB400C12E13 /* ofxBox2dCircle.cpp in Sources */,
				27EEA63E171F6CB400C12E13 /* ofxBox2dJoint.cpp in Sources */,
				27EEA63F171F6CB400C12E13 /* ofxBox2dPolygon.cpp in Sources */,
				27EEA640171F6CB400C12E13 /* ofxBox2dRect.cpp in Sources */,
			);
			runOnlyForDeploymentPostprocessing = 0;
		};
/* End PBXSourcesBuildPhase section */

/* Begin PBXTargetDependency section */
		E41D410413B3A11300A75A5D /* PBXTargetDependency */ = {
			isa = PBXTargetDependency;
			name = "iPhone+OF Static Library";
			targetProxy = E41D410313B3A11300A75A5D /* PBXContainerItemProxy */;
		};
/* End PBXTargetDependency section */

/* Begin XCBuildConfiguration section */
		1D6058940D05DD3E006BFB54 /* Debug */ = {
			isa = XCBuildConfiguration;
			buildSettings = {
				ALWAYS_SEARCH_USER_PATHS = NO;
				CODE_SIGN_IDENTITY = "";
				"CODE_SIGN_IDENTITY[sdk=iphoneos*]" = "iPhone Developer: Ji Hyun Lee (X68UHV673G)";
				GCC_PRECOMPILE_PREFIX_HEADER = YES;
				GCC_PREFIX_HEADER = iPhone_Prefix.pch;
				INFOPLIST_FILE = "ofxiphone-Info.plist";
				PRODUCT_NAME = ofxBox2dExample;
				"PROVISIONING_PROFILE[sdk=iphoneos*]" = "F8CDC625-922A-459C-B0C6-702A00770E6C";
				VALID_ARCHS = "armv6 armv7";
			};
			name = Debug;
		};
		1D6058950D05DD3E006BFB54 /* Release */ = {
			isa = XCBuildConfiguration;
			buildSettings = {
				CODE_SIGN_IDENTITY = "";
				"CODE_SIGN_IDENTITY[sdk=iphoneos*]" = "iPhone Developer: Ji Hyun Lee (X68UHV673G)";
				GCC_PRECOMPILE_PREFIX_HEADER = YES;
				GCC_PREFIX_HEADER = iPhone_Prefix.pch;
				INFOPLIST_FILE = "ofxiphone-Info.plist";
				PRODUCT_NAME = ofxBox2dExample;
				"PROVISIONING_PROFILE[sdk=iphoneos*]" = "F8CDC625-922A-459C-B0C6-702A00770E6C";
				VALID_ARCHS = "armv6 armv7";
			};
			name = Release;
		};
		C01FCF4F08A954540054247B /* Debug */ = {
			isa = XCBuildConfiguration;
			baseConfigurationReference = E41D3ED613B38FB500A75A5D /* Project.xcconfig */;
			buildSettings = {
				ALWAYS_SEARCH_USER_PATHS = YES;
				ARCHS = "$(ARCHS_STANDARD_32_BIT)";
				CODE_SIGN_IDENTITY = "";
				"CODE_SIGN_IDENTITY[sdk=iphoneos*]" = "iPhone Developer";
				COMPRESS_PNG_FILES = NO;
				GCC_C_LANGUAGE_STANDARD = c99;
				GCC_OPTIMIZATION_LEVEL = 0;
				GCC_SYMBOLS_PRIVATE_EXTERN = NO;
				GCC_WARN_ABOUT_DEPRECATED_FUNCTIONS = NO;
				GCC_WARN_ABOUT_INVALID_OFFSETOF_MACRO = NO;
				GCC_WARN_ABOUT_POINTER_SIGNEDNESS = NO;
				GCC_WARN_ABOUT_RETURN_TYPE = YES;
				GCC_WARN_ALLOW_INCOMPLETE_PROTOCOL = NO;
				GCC_WARN_PROTOTYPE_CONVERSION = NO;
				GCC_WARN_UNUSED_VARIABLE = YES;
				HEADER_SEARCH_PATHS = (
					"$(OF_CORE_HEADERS)",
					src,
				);
				IPHONEOS_DEPLOYMENT_TARGET = 3.1;
				ONLY_ACTIVE_ARCH = NO;
				PREBINDING = NO;
				"PROVISIONING_PROFILE[sdk=iphoneos*]" = "";
				SDKROOT = iphoneos;
				TARGETED_DEVICE_FAMILY = 1;
				WARNING_LDFLAGS = "-no_arch_warnings";
			};
			name = Debug;
		};
		C01FCF5008A954540054247B /* Release */ = {
			isa = XCBuildConfiguration;
			baseConfigurationReference = E41D3ED613B38FB500A75A5D /* Project.xcconfig */;
			buildSettings = {
				ALWAYS_SEARCH_USER_PATHS = YES;
				ARCHS = "$(ARCHS_STANDARD_32_BIT)";
				CODE_SIGN_IDENTITY = "";
				"CODE_SIGN_IDENTITY[sdk=iphoneos*]" = "iPhone Developer";
				COMPRESS_PNG_FILES = NO;
				GCC_C_LANGUAGE_STANDARD = c99;
				GCC_DYNAMIC_NO_PIC = YES;
				GCC_GENERATE_DEBUGGING_SYMBOLS = NO;
				GCC_OPTIMIZATION_LEVEL = 3;
				GCC_SYMBOLS_PRIVATE_EXTERN = NO;
				GCC_THUMB_SUPPORT = NO;
				GCC_WARN_ABOUT_RETURN_TYPE = YES;
				GCC_WARN_UNUSED_VARIABLE = YES;
				HEADER_SEARCH_PATHS = (
					"$(OF_CORE_HEADERS)",
					src,
				);
				IPHONEOS_DEPLOYMENT_TARGET = 3.1;
				ONLY_ACTIVE_ARCH = NO;
				PREBINDING = NO;
				SDKROOT = iphoneos;
				TARGETED_DEVICE_FAMILY = 1;
				WARNING_LDFLAGS = "-no_arch_warnings";
			};
			name = Release;
		};
/* End XCBuildConfiguration section */

/* Begin XCConfigurationList section */
		1D6058960D05DD3E006BFB54 /* Build configuration list for PBXNativeTarget "ofxBox2dExample" */ = {
			isa = XCConfigurationList;
			buildConfigurations = (
				1D6058940D05DD3E006BFB54 /* Debug */,
				1D6058950D05DD3E006BFB54 /* Release */,
			);
			defaultConfigurationIsVisible = 0;
			defaultConfigurationName = Release;
		};
		C01FCF4E08A954540054247B /* Build configuration list for PBXProject "ofxBox2dExample" */ = {
			isa = XCConfigurationList;
			buildConfigurations = (
				C01FCF4F08A954540054247B /* Debug */,
				C01FCF5008A954540054247B /* Release */,
			);
			defaultConfigurationIsVisible = 0;
			defaultConfigurationName = Release;
		};
/* End XCConfigurationList section */
	};
	rootObject = 29B97313FDCFA39411CA2CEA /* Project object */;
}
